
Microsoft Visual Studio Solution File, Format Version 12.00
# Visual Studio Version 17
VisualStudioVersion = 17.0.32112.339
MinimumVisualStudioVersion = 10.0.40219.1
Project("{FAE04EC0-301F-11D3-BF4B-00C04F79EFBC}") = "SWProject", "SWProject\SWProject.csproj", "{EA2119B5-EFA6-43A3-A6D0-65F7E82AE96B}"
EndProject
Global
	GlobalSection(SolutionConfigurationPlatforms) = preSolution
		Debug|Any CPU = Debug|Any CPU
		Release|Any CPU = Release|Any CPU
	EndGlobalSection
	GlobalSection(ProjectConfigurationPlatforms) = postSolution
		{EA2119B5-EFA6-43A3-A6D0-65F7E82AE96B}.Debug|Any CPU.ActiveCfg = Debug|Any CPU
		{EA2119B5-EFA6-43A3-A6D0-65F7E82AE96B}.Debug|Any CPU.Build.0 = Debug|Any CPU
		{EA2119B5-EFA6-43A3-A6D0-65F7E82AE96B}.Release|Any CPU.ActiveCfg = Release|Any CPU
		{EA2119B5-EFA6-43A3-A6D0-65F7E82AE96B}.Release|Any CPU.Build.0 = Release|Any CPU
	EndGlobalSection
	GlobalSection(SolutionProperties) = preSolution
		HideSolutionNode = FALSE
	EndGlobalSection
	GlobalSection(ExtensibilityGlobals) = postSolution
		SolutionGuid = {7F357174-590D-4F67-A741-7CB10171FB34}
	EndGlobalSection
EndGlobal
